
Microsoft Visual Studio Solution File, Format Version 12.00
# Visual Studio Version 17
VisualStudioVersion = 17.8.34408.163
MinimumVisualStudioVersion = 10.0.40219.1
Project("{FAE04EC0-301F-11D3-BF4B-00C04F79EFBC}") = "MissionFive", "MissionFive\MissionFive.csproj", "{B8B4BD55-40B9-4C5A-8279-3FA14111E465}"
EndProject
Global
	GlobalSection(SolutionConfigurationPlatforms) = preSolution
		Debug|Any CPU = Debug|Any CPU
		Release|Any CPU = Release|Any CPU
	EndGlobalSection
	GlobalSection(ProjectConfigurationPlatforms) = postSolution
		{B8B4BD55-40B9-4C5A-8279-3FA14111E465}.Debug|Any CPU.ActiveCfg = Debug|Any CPU
		{B8B4BD55-40B9-4C5A-8279-3FA14111E465}.Debug|Any CPU.Build.0 = Debug|Any CPU
		{B8B4BD55-40B9-4C5A-8279-3FA14111E465}.Release|Any CPU.ActiveCfg = Release|Any CPU
		{B8B4BD55-40B9-4C5A-8279-3FA14111E465}.Release|Any CPU.Build.0 = Release|Any CPU
	EndGlobalSection
	GlobalSection(SolutionProperties) = preSolution
		HideSolutionNode = FALSE
	EndGlobalSection
	GlobalSection(ExtensibilityGlobals) = postSolution
		SolutionGuid = {05DD92C7-047D-4FC7-B2FA-A82B898A976B}
	EndGlobalSection
EndGlobal
